// !$*UTF8*$!
{
	archiveVersion = 1;
	classes = {
	};
	objectVersion = 56;
	objects = {

/* Begin PBXBuildFile section */
		6D2D55722C3C79D600D4CE8C /* FirebaseAnalytics in Frameworks */ = {isa = PBXBuildFile; productRef = 6D2D55712C3C79D600D4CE8C /* FirebaseAnalytics */; };
		6D2D55742C3C79D600D4CE8C /* FirebaseAnalyticsSwift in Frameworks */ = {isa = PBXBuildFile; productRef = 6D2D55732C3C79D600D4CE8C /* FirebaseAnalyticsSwift */; };
		6D2D55762C3C79D600D4CE8C /* FirebaseAuth in Frameworks */ = {isa = PBXBuildFile; productRef = 6D2D55752C3C79D600D4CE8C /* FirebaseAuth */; };
		6D2D55782C3C79D600D4CE8C /* FirebaseDatabase in Frameworks */ = {isa = PBXBuildFile; productRef = 6D2D55772C3C79D600D4CE8C /* FirebaseDatabase */; };
		6D2D557A2C3C79D600D4CE8C /* FirebaseDatabaseSwift in Frameworks */ = {isa = PBXBuildFile; productRef = 6D2D55792C3C79D600D4CE8C /* FirebaseDatabaseSwift */; };
		6D2D557C2C3C79D600D4CE8C /* FirebaseFirestore in Frameworks */ = {isa = PBXBuildFile; productRef = 6D2D557B2C3C79D600D4CE8C /* FirebaseFirestore */; };
		6D2D557E2C3C79D600D4CE8C /* FirebaseFirestoreSwift in Frameworks */ = {isa = PBXBuildFile; productRef = 6D2D557D2C3C79D600D4CE8C /* FirebaseFirestoreSwift */; };
		6D2D55802C3C79D600D4CE8C /* FirebaseStorage in Frameworks */ = {isa = PBXBuildFile; productRef = 6D2D557F2C3C79D600D4CE8C /* FirebaseStorage */; };
		6D2D558A2C3DBDA600D4CE8C /* SearchHistoryHeaderView.swift in Sources */ = {isa = PBXBuildFile; fileRef = 6D2D55892C3DBDA600D4CE8C /* SearchHistoryHeaderView.swift */; };
		6D2D558C2C3DC06500D4CE8C /* GoogleService-Info.plist in Resources */ = {isa = PBXBuildFile; fileRef = 6D2D558B2C3DC06500D4CE8C /* GoogleService-Info.plist */; };
		6D2D558E2C3EB8F500D4CE8C /* ForgotPasswordViewController.swift in Sources */ = {isa = PBXBuildFile; fileRef = 6D2D558D2C3EB8F500D4CE8C /* ForgotPasswordViewController.swift */; };
		6D2D55912C40042F00D4CE8C /* ContainerViewController.swift in Sources */ = {isa = PBXBuildFile; fileRef = 6D2D55902C40042F00D4CE8C /* ContainerViewController.swift */; };
		6D2D55932C40044F00D4CE8C /* SideMenuViewController.swift in Sources */ = {isa = PBXBuildFile; fileRef = 6D2D55922C40044F00D4CE8C /* SideMenuViewController.swift */; };
		6D320D542C39C17000CF6194 /* FirebaseManager.swift in Sources */ = {isa = PBXBuildFile; fileRef = 6D320D532C39C17000CF6194 /* FirebaseManager.swift */; };
		6D320D562C39C20300CF6194 /* LoginViewController.swift in Sources */ = {isa = PBXBuildFile; fileRef = 6D320D552C39C20300CF6194 /* LoginViewController.swift */; };
		6D320D672C39D58C00CF6194 /* StudentsCollectionViewControllerWrapper.swift in Sources */ = {isa = PBXBuildFile; fileRef = 6D320D662C39D58C00CF6194 /* StudentsCollectionViewControllerWrapper.swift */; };
		6D320D692C39DEB700CF6194 /* LoginManager.swift in Sources */ = {isa = PBXBuildFile; fileRef = 6D320D682C39DEB700CF6194 /* LoginManager.swift */; };
		6D4293032C29437000B44ED1 /* SnapKit in Frameworks */ = {isa = PBXBuildFile; productRef = 6D4293022C29437000B44ED1 /* SnapKit */; };
		6D4293072C2CB3A300B44ED1 /* StudentCardPhotoChoosingPermission.swift in Sources */ = {isa = PBXBuildFile; fileRef = 6D4293062C2CB3A300B44ED1 /* StudentCardPhotoChoosingPermission.swift */; };
		6D4293092C2CB3CB00B44ED1 /* UIImagePickerControllerDelegate.swift in Sources */ = {isa = PBXBuildFile; fileRef = 6D4293082C2CB3CB00B44ED1 /* UIImagePickerControllerDelegate.swift */; };
		6D42930B2C2EF1E800B44ED1 /* ScheduleCell.swift in Sources */ = {isa = PBXBuildFile; fileRef = 6D42930A2C2EF1E800B44ED1 /* ScheduleCell.swift */; };
		6D42930D2C3087A700B44ED1 /* MonthsTableViewController.swift in Sources */ = {isa = PBXBuildFile; fileRef = 6D42930C2C3087A700B44ED1 /* MonthsTableViewController.swift */; };
		6D42930F2C317C2F00B44ED1 /* StudentSearchCollectionViewCell.swift in Sources */ = {isa = PBXBuildFile; fileRef = 6D42930E2C317C2F00B44ED1 /* StudentSearchCollectionViewCell.swift */; };
		6D4293112C3297FF00B44ED1 /* StudentsSearchViewController.swift in Sources */ = {isa = PBXBuildFile; fileRef = 6D4293102C3297FF00B44ED1 /* StudentsSearchViewController.swift */; };
		6D4293132C32A45400B44ED1 /* StudentSearchHistoryTableViewCell.swift in Sources */ = {isa = PBXBuildFile; fileRef = 6D4293122C32A45400B44ED1 /* StudentSearchHistoryTableViewCell.swift */; };
		6D4293152C32B52600B44ED1 /* UIImageSquareMethodExtension.swift in Sources */ = {isa = PBXBuildFile; fileRef = 6D4293142C32B52600B44ED1 /* UIImageSquareMethodExtension.swift */; };
		6D4293182C3442F300B44ED1 /* KeyboardWorkExtension.swift in Sources */ = {isa = PBXBuildFile; fileRef = 6D4293172C3442F200B44ED1 /* KeyboardWorkExtension.swift */; };
		6D6DCC3D2C2936D200BE983C /* AppDelegate.swift in Sources */ = {isa = PBXBuildFile; fileRef = 6D6DCC3C2C2936D200BE983C /* AppDelegate.swift */; };
		6D6DCC3F2C2936D200BE983C /* SceneDelegate.swift in Sources */ = {isa = PBXBuildFile; fileRef = 6D6DCC3E2C2936D200BE983C /* SceneDelegate.swift */; };
		6D6DCC442C2936D200BE983C /* Base in Resources */ = {isa = PBXBuildFile; fileRef = 6D6DCC432C2936D200BE983C /* Base */; };
		6D6DCC462C2936D400BE983C /* Assets.xcassets in Resources */ = {isa = PBXBuildFile; fileRef = 6D6DCC452C2936D400BE983C /* Assets.xcassets */; };
		6D6DCC492C2936D400BE983C /* Base in Resources */ = {isa = PBXBuildFile; fileRef = 6D6DCC482C2936D400BE983C /* Base */; };
		6D6DCC512C29376D00BE983C /* StudentModel.swift in Sources */ = {isa = PBXBuildFile; fileRef = 6D6DCC502C29376D00BE983C /* StudentModel.swift */; };
		6D6DCC532C29378E00BE983C /* StudentViewModel.swift in Sources */ = {isa = PBXBuildFile; fileRef = 6D6DCC522C29378E00BE983C /* StudentViewModel.swift */; };
		6D6DCC552C2937E400BE983C /* StudentsCollectionViewController.swift in Sources */ = {isa = PBXBuildFile; fileRef = 6D6DCC542C2937E400BE983C /* StudentsCollectionViewController.swift */; };
		6D6DCC572C29389300BE983C /* StudentCardViewController.swift in Sources */ = {isa = PBXBuildFile; fileRef = 6D6DCC562C29389300BE983C /* StudentCardViewController.swift */; };
		6D6DCC592C29398E00BE983C /* StudentCollectionViewCell.swift in Sources */ = {isa = PBXBuildFile; fileRef = 6D6DCC582C29398E00BE983C /* StudentCollectionViewCell.swift */; };
		6D6DCC5B2C2939C500BE983C /* StudentCardSetupUI.swift in Sources */ = {isa = PBXBuildFile; fileRef = 6D6DCC5A2C2939C500BE983C /* StudentCardSetupUI.swift */; };
		6D6DCC622C293A7300BE983C /* StartScreenLabelMethodExtension.swift in Sources */ = {isa = PBXBuildFile; fileRef = 6D6DCC612C293A7300BE983C /* StartScreenLabelMethodExtension.swift */; };
		6D6DCC642C293C7C00BE983C /* StudentCardScheduleSelection.swift in Sources */ = {isa = PBXBuildFile; fileRef = 6D6DCC632C293C7C00BE983C /* StudentCardScheduleSelection.swift */; };
		6D9D201F2C416941007CF2EF /* Kingfisher in Frameworks */ = {isa = PBXBuildFile; productRef = 6D9D201E2C416941007CF2EF /* Kingfisher */; };
		6D9D20212C4181BA007CF2EF /* CustomNavigationController.swift in Sources */ = {isa = PBXBuildFile; fileRef = 6D9D20202C4181BA007CF2EF /* CustomNavigationController.swift */; };
/* End PBXBuildFile section */

/* Begin PBXCopyFilesBuildPhase section */
		6D320D642C39CF5100CF6194 /* Embed Frameworks */ = {
			isa = PBXCopyFilesBuildPhase;
			buildActionMask = 2147483647;
			dstPath = "";
			dstSubfolderSpec = 10;
			files = (
			);
			name = "Embed Frameworks";
			runOnlyForDeploymentPostprocessing = 0;
		};
/* End PBXCopyFilesBuildPhase section */

/* Begin PBXFileReference section */
		6D2D55892C3DBDA600D4CE8C /* SearchHistoryHeaderView.swift */ = {isa = PBXFileReference; lastKnownFileType = sourcecode.swift; path = SearchHistoryHeaderView.swift; sourceTree = "<group>"; };
		6D2D558B2C3DC06500D4CE8C /* GoogleService-Info.plist */ = {isa = PBXFileReference; fileEncoding = 4; lastKnownFileType = text.plist.xml; path = "GoogleService-Info.plist"; sourceTree = "<group>"; };
		6D2D558D2C3EB8F500D4CE8C /* ForgotPasswordViewController.swift */ = {isa = PBXFileReference; lastKnownFileType = sourcecode.swift; path = ForgotPasswordViewController.swift; sourceTree = "<group>"; };
		6D2D55902C40042F00D4CE8C /* ContainerViewController.swift */ = {isa = PBXFileReference; lastKnownFileType = sourcecode.swift; path = ContainerViewController.swift; sourceTree = "<group>"; };
		6D2D55922C40044F00D4CE8C /* SideMenuViewController.swift */ = {isa = PBXFileReference; lastKnownFileType = sourcecode.swift; path = SideMenuViewController.swift; sourceTree = "<group>"; };
		6D320D532C39C17000CF6194 /* FirebaseManager.swift */ = {isa = PBXFileReference; lastKnownFileType = sourcecode.swift; path = FirebaseManager.swift; sourceTree = "<group>"; };
		6D320D552C39C20300CF6194 /* LoginViewController.swift */ = {isa = PBXFileReference; lastKnownFileType = sourcecode.swift; path = LoginViewController.swift; sourceTree = "<group>"; };
		6D320D662C39D58C00CF6194 /* StudentsCollectionViewControllerWrapper.swift */ = {isa = PBXFileReference; lastKnownFileType = sourcecode.swift; path = StudentsCollectionViewControllerWrapper.swift; sourceTree = "<group>"; };
		6D320D682C39DEB700CF6194 /* LoginManager.swift */ = {isa = PBXFileReference; lastKnownFileType = sourcecode.swift; path = LoginManager.swift; sourceTree = "<group>"; };
		6D4293062C2CB3A300B44ED1 /* StudentCardPhotoChoosingPermission.swift */ = {isa = PBXFileReference; lastKnownFileType = sourcecode.swift; path = StudentCardPhotoChoosingPermission.swift; sourceTree = "<group>"; };
		6D4293082C2CB3CB00B44ED1 /* UIImagePickerControllerDelegate.swift */ = {isa = PBXFileReference; lastKnownFileType = sourcecode.swift; path = UIImagePickerControllerDelegate.swift; sourceTree = "<group>"; };
		6D42930A2C2EF1E800B44ED1 /* ScheduleCell.swift */ = {isa = PBXFileReference; lastKnownFileType = sourcecode.swift; path = ScheduleCell.swift; sourceTree = "<group>"; };
		6D42930C2C3087A700B44ED1 /* MonthsTableViewController.swift */ = {isa = PBXFileReference; lastKnownFileType = sourcecode.swift; path = MonthsTableViewController.swift; sourceTree = "<group>"; };
		6D42930E2C317C2F00B44ED1 /* StudentSearchCollectionViewCell.swift */ = {isa = PBXFileReference; lastKnownFileType = sourcecode.swift; path = StudentSearchCollectionViewCell.swift; sourceTree = "<group>"; };
		6D4293102C3297FF00B44ED1 /* StudentsSearchViewController.swift */ = {isa = PBXFileReference; lastKnownFileType = sourcecode.swift; path = StudentsSearchViewController.swift; sourceTree = "<group>"; };
		6D4293122C32A45400B44ED1 /* StudentSearchHistoryTableViewCell.swift */ = {isa = PBXFileReference; lastKnownFileType = sourcecode.swift; path = StudentSearchHistoryTableViewCell.swift; sourceTree = "<group>"; };
		6D4293142C32B52600B44ED1 /* UIImageSquareMethodExtension.swift */ = {isa = PBXFileReference; lastKnownFileType = sourcecode.swift; path = UIImageSquareMethodExtension.swift; sourceTree = "<group>"; };
		6D4293172C3442F200B44ED1 /* KeyboardWorkExtension.swift */ = {isa = PBXFileReference; lastKnownFileType = sourcecode.swift; path = KeyboardWorkExtension.swift; sourceTree = "<group>"; };
		6D6DCC392C2936D100BE983C /* My Students.app */ = {isa = PBXFileReference; explicitFileType = wrapper.application; includeInIndex = 0; path = "My Students.app"; sourceTree = BUILT_PRODUCTS_DIR; };
		6D6DCC3C2C2936D200BE983C /* AppDelegate.swift */ = {isa = PBXFileReference; lastKnownFileType = sourcecode.swift; path = AppDelegate.swift; sourceTree = "<group>"; };
		6D6DCC3E2C2936D200BE983C /* SceneDelegate.swift */ = {isa = PBXFileReference; lastKnownFileType = sourcecode.swift; path = SceneDelegate.swift; sourceTree = "<group>"; };
		6D6DCC432C2936D200BE983C /* Base */ = {isa = PBXFileReference; lastKnownFileType = file.storyboard; name = Base; path = Base.lproj/Main.storyboard; sourceTree = "<group>"; };
		6D6DCC452C2936D400BE983C /* Assets.xcassets */ = {isa = PBXFileReference; lastKnownFileType = folder.assetcatalog; path = Assets.xcassets; sourceTree = "<group>"; };
		6D6DCC482C2936D400BE983C /* Base */ = {isa = PBXFileReference; lastKnownFileType = file.storyboard; name = Base; path = Base.lproj/LaunchScreen.storyboard; sourceTree = "<group>"; };
		6D6DCC4A2C2936D400BE983C /* Info.plist */ = {isa = PBXFileReference; lastKnownFileType = text.plist.xml; path = Info.plist; sourceTree = "<group>"; };
		6D6DCC502C29376D00BE983C /* StudentModel.swift */ = {isa = PBXFileReference; lastKnownFileType = sourcecode.swift; path = StudentModel.swift; sourceTree = "<group>"; };
		6D6DCC522C29378E00BE983C /* StudentViewModel.swift */ = {isa = PBXFileReference; lastKnownFileType = sourcecode.swift; path = StudentViewModel.swift; sourceTree = "<group>"; };
		6D6DCC542C2937E400BE983C /* StudentsCollectionViewController.swift */ = {isa = PBXFileReference; lastKnownFileType = sourcecode.swift; path = StudentsCollectionViewController.swift; sourceTree = "<group>"; };
		6D6DCC562C29389300BE983C /* StudentCardViewController.swift */ = {isa = PBXFileReference; lastKnownFileType = sourcecode.swift; path = StudentCardViewController.swift; sourceTree = "<group>"; };
		6D6DCC582C29398E00BE983C /* StudentCollectionViewCell.swift */ = {isa = PBXFileReference; lastKnownFileType = sourcecode.swift; path = StudentCollectionViewCell.swift; sourceTree = "<group>"; };
		6D6DCC5A2C2939C500BE983C /* StudentCardSetupUI.swift */ = {isa = PBXFileReference; lastKnownFileType = sourcecode.swift; path = StudentCardSetupUI.swift; sourceTree = "<group>"; };
		6D6DCC612C293A7300BE983C /* StartScreenLabelMethodExtension.swift */ = {isa = PBXFileReference; lastKnownFileType = sourcecode.swift; path = StartScreenLabelMethodExtension.swift; sourceTree = "<group>"; };
		6D6DCC632C293C7C00BE983C /* StudentCardScheduleSelection.swift */ = {isa = PBXFileReference; lastKnownFileType = sourcecode.swift; path = StudentCardScheduleSelection.swift; sourceTree = "<group>"; };
		6D9D20202C4181BA007CF2EF /* CustomNavigationController.swift */ = {isa = PBXFileReference; lastKnownFileType = sourcecode.swift; path = CustomNavigationController.swift; sourceTree = "<group>"; };
/* End PBXFileReference section */

/* Begin PBXFrameworksBuildPhase section */
		6D6DCC362C2936D100BE983C /* Frameworks */ = {
			isa = PBXFrameworksBuildPhase;
			buildActionMask = 2147483647;
			files = (
				6D2D557A2C3C79D600D4CE8C /* FirebaseDatabaseSwift in Frameworks */,
				6D2D55782C3C79D600D4CE8C /* FirebaseDatabase in Frameworks */,
				6D2D55802C3C79D600D4CE8C /* FirebaseStorage in Frameworks */,
				6D2D55742C3C79D600D4CE8C /* FirebaseAnalyticsSwift in Frameworks */,
				6D9D201F2C416941007CF2EF /* Kingfisher in Frameworks */,
				6D2D55722C3C79D600D4CE8C /* FirebaseAnalytics in Frameworks */,
				6D4293032C29437000B44ED1 /* SnapKit in Frameworks */,
				6D2D55762C3C79D600D4CE8C /* FirebaseAuth in Frameworks */,
				6D2D557C2C3C79D600D4CE8C /* FirebaseFirestore in Frameworks */,
				6D2D557E2C3C79D600D4CE8C /* FirebaseFirestoreSwift in Frameworks */,
			);
			runOnlyForDeploymentPostprocessing = 0;
		};
/* End PBXFrameworksBuildPhase section */

/* Begin PBXGroup section */
		6D2D55822C3DB9F900D4CE8C /* Login Screen, Login Manager */ = {
			isa = PBXGroup;
			children = (
				6D320D552C39C20300CF6194 /* LoginViewController.swift */,
				6D2D558D2C3EB8F500D4CE8C /* ForgotPasswordViewController.swift */,
				6D320D682C39DEB700CF6194 /* LoginManager.swift */,
			);
			path = "Login Screen, Login Manager";
			sourceTree = "<group>";
		};
		6D2D55832C3DBA2B00D4CE8C /* StudentsCollectionViewController */ = {
			isa = PBXGroup;
			children = (
				6D6DCC542C2937E400BE983C /* StudentsCollectionViewController.swift */,
				6D6DCC582C29398E00BE983C /* StudentCollectionViewCell.swift */,
				6D2D55902C40042F00D4CE8C /* ContainerViewController.swift */,
				6D2D55922C40044F00D4CE8C /* SideMenuViewController.swift */,
			);
			path = StudentsCollectionViewController;
			sourceTree = "<group>";
		};
		6D2D55842C3DBA5100D4CE8C /* StudentCardViewController */ = {
			isa = PBXGroup;
			children = (
				6D6DCC562C29389300BE983C /* StudentCardViewController.swift */,
				6D6DCC5A2C2939C500BE983C /* StudentCardSetupUI.swift */,
				6D42930A2C2EF1E800B44ED1 /* ScheduleCell.swift */,
			);
			path = StudentCardViewController;
			sourceTree = "<group>";
		};
		6D2D55852C3DBAC300D4CE8C /* StudentsSearchViewController */ = {
			isa = PBXGroup;
			children = (
				6D4293102C3297FF00B44ED1 /* StudentsSearchViewController.swift */,
				6D2D55892C3DBDA600D4CE8C /* SearchHistoryHeaderView.swift */,
				6D42930E2C317C2F00B44ED1 /* StudentSearchCollectionViewCell.swift */,
				6D4293122C32A45400B44ED1 /* StudentSearchHistoryTableViewCell.swift */,
			);
			path = StudentsSearchViewController;
			sourceTree = "<group>";
		};
		6D2D55862C3DBAFA00D4CE8C /* MonthsTableViewController */ = {
			isa = PBXGroup;
			children = (
				6D42930C2C3087A700B44ED1 /* MonthsTableViewController.swift */,
			);
			path = MonthsTableViewController;
			sourceTree = "<group>";
		};
		6D2D55872C3DBB2000D4CE8C /* Project Manager */ = {
			isa = PBXGroup;
			children = (
				6D6DCC3C2C2936D200BE983C /* AppDelegate.swift */,
				6D6DCC3E2C2936D200BE983C /* SceneDelegate.swift */,
				6D320D662C39D58C00CF6194 /* StudentsCollectionViewControllerWrapper.swift */,
				6D6DCC422C2936D200BE983C /* Main.storyboard */,
				6D6DCC452C2936D400BE983C /* Assets.xcassets */,
				6D6DCC472C2936D400BE983C /* LaunchScreen.storyboard */,
			);
			path = "Project Manager";
			sourceTree = "<group>";
		};
		6D2D558F2C3ED68600D4CE8C /* Model */ = {
			isa = PBXGroup;
			children = (
				6D6DCC502C29376D00BE983C /* StudentModel.swift */,
				6D6DCC522C29378E00BE983C /* StudentViewModel.swift */,
				6D320D532C39C17000CF6194 /* FirebaseManager.swift */,
			);
			path = Model;
			sourceTree = "<group>";
		};
		6D4293162C32B54400B44ED1 /* Extensions */ = {
			isa = PBXGroup;
			children = (
				6D6DCC632C293C7C00BE983C /* StudentCardScheduleSelection.swift */,
				6D4293082C2CB3CB00B44ED1 /* UIImagePickerControllerDelegate.swift */,
				6D4293062C2CB3A300B44ED1 /* StudentCardPhotoChoosingPermission.swift */,
				6D4293142C32B52600B44ED1 /* UIImageSquareMethodExtension.swift */,
				6D6DCC612C293A7300BE983C /* StartScreenLabelMethodExtension.swift */,
				6D4293172C3442F200B44ED1 /* KeyboardWorkExtension.swift */,
				6D9D20202C4181BA007CF2EF /* CustomNavigationController.swift */,
			);
			path = Extensions;
			sourceTree = "<group>";
		};
		6D6DCC302C2936D100BE983C = {
			isa = PBXGroup;
			children = (
				6D6DCC3B2C2936D100BE983C /* My Students */,
				6D6DCC3A2C2936D100BE983C /* Products */,
			);
			sourceTree = "<group>";
		};
		6D6DCC3A2C2936D100BE983C /* Products */ = {
			isa = PBXGroup;
			children = (
				6D6DCC392C2936D100BE983C /* My Students.app */,
			);
			name = Products;
			sourceTree = "<group>";
		};
		6D6DCC3B2C2936D100BE983C /* My Students */ = {
			isa = PBXGroup;
			children = (
				6D2D55872C3DBB2000D4CE8C /* Project Manager */,
				6D6DCC4A2C2936D400BE983C /* Info.plist */,
				6D2D558B2C3DC06500D4CE8C /* GoogleService-Info.plist */,
				6D2D558F2C3ED68600D4CE8C /* Model */,
				6D2D55822C3DB9F900D4CE8C /* Login Screen, Login Manager */,
				6D2D55832C3DBA2B00D4CE8C /* StudentsCollectionViewController */,
				6D2D55842C3DBA5100D4CE8C /* StudentCardViewController */,
				6D2D55852C3DBAC300D4CE8C /* StudentsSearchViewController */,
				6D2D55862C3DBAFA00D4CE8C /* MonthsTableViewController */,
				6D4293162C32B54400B44ED1 /* Extensions */,
			);
			path = "My Students";
			sourceTree = "<group>";
		};
/* End PBXGroup section */

/* Begin PBXNativeTarget section */
		6D6DCC382C2936D100BE983C /* My Students */ = {
			isa = PBXNativeTarget;
			buildConfigurationList = 6D6DCC4D2C2936D400BE983C /* Build configuration list for PBXNativeTarget "My Students" */;
			buildPhases = (
				6D6DCC352C2936D100BE983C /* Sources */,
				6D6DCC362C2936D100BE983C /* Frameworks */,
				6D6DCC372C2936D100BE983C /* Resources */,
				6D320D642C39CF5100CF6194 /* Embed Frameworks */,
			);
			buildRules = (
			);
			dependencies = (
			);
			name = "My Students";
			packageProductDependencies = (
				6D4293022C29437000B44ED1 /* SnapKit */,
				6D2D55712C3C79D600D4CE8C /* FirebaseAnalytics */,
				6D2D55732C3C79D600D4CE8C /* FirebaseAnalyticsSwift */,
				6D2D55752C3C79D600D4CE8C /* FirebaseAuth */,
				6D2D55772C3C79D600D4CE8C /* FirebaseDatabase */,
				6D2D55792C3C79D600D4CE8C /* FirebaseDatabaseSwift */,
				6D2D557B2C3C79D600D4CE8C /* FirebaseFirestore */,
				6D2D557D2C3C79D600D4CE8C /* FirebaseFirestoreSwift */,
				6D2D557F2C3C79D600D4CE8C /* FirebaseStorage */,
				6D9D201E2C416941007CF2EF /* Kingfisher */,
			);
			productName = "My Students";
			productReference = 6D6DCC392C2936D100BE983C /* My Students.app */;
			productType = "com.apple.product-type.application";
		};
/* End PBXNativeTarget section */

/* Begin PBXProject section */
		6D6DCC312C2936D100BE983C /* Project object */ = {
			isa = PBXProject;
			attributes = {
				BuildIndependentTargetsInParallel = 1;
				LastSwiftUpdateCheck = 1540;
				LastUpgradeCheck = 1540;
				TargetAttributes = {
					6D6DCC382C2936D100BE983C = {
						CreatedOnToolsVersion = 15.4;
					};
				};
			};
			buildConfigurationList = 6D6DCC342C2936D100BE983C /* Build configuration list for PBXProject "My Students" */;
			compatibilityVersion = "Xcode 14.0";
			developmentRegion = en;
			hasScannedForEncodings = 0;
			knownRegions = (
				en,
				Base,
			);
			mainGroup = 6D6DCC302C2936D100BE983C;
			packageReferences = (
				6D4293012C29437000B44ED1 /* XCRemoteSwiftPackageReference "SnapKit" */,
				6D2D55702C3C776200D4CE8C /* XCRemoteSwiftPackageReference "firebase-ios-sdk" */,
				6D9D201D2C416941007CF2EF /* XCRemoteSwiftPackageReference "Kingfisher" */,
			);
			productRefGroup = 6D6DCC3A2C2936D100BE983C /* Products */;
			projectDirPath = "";
			projectRoot = "";
			targets = (
				6D6DCC382C2936D100BE983C /* My Students */,
			);
		};
/* End PBXProject section */

/* Begin PBXResourcesBuildPhase section */
		6D6DCC372C2936D100BE983C /* Resources */ = {
			isa = PBXResourcesBuildPhase;
			buildActionMask = 2147483647;
			files = (
				6D6DCC462C2936D400BE983C /* Assets.xcassets in Resources */,
				6D2D558C2C3DC06500D4CE8C /* GoogleService-Info.plist in Resources */,
				6D6DCC492C2936D400BE983C /* Base in Resources */,
				6D6DCC442C2936D200BE983C /* Base in Resources */,
			);
			runOnlyForDeploymentPostprocessing = 0;
		};
/* End PBXResourcesBuildPhase section */

/* Begin PBXSourcesBuildPhase section */
		6D6DCC352C2936D100BE983C /* Sources */ = {
			isa = PBXSourcesBuildPhase;
			buildActionMask = 2147483647;
			files = (
				6D6DCC512C29376D00BE983C /* StudentModel.swift in Sources */,
				6D6DCC572C29389300BE983C /* StudentCardViewController.swift in Sources */,
				6D2D55912C40042F00D4CE8C /* ContainerViewController.swift in Sources */,
				6D4293092C2CB3CB00B44ED1 /* UIImagePickerControllerDelegate.swift in Sources */,
				6D4293152C32B52600B44ED1 /* UIImageSquareMethodExtension.swift in Sources */,
				6D42930B2C2EF1E800B44ED1 /* ScheduleCell.swift in Sources */,
				6D6DCC642C293C7C00BE983C /* StudentCardScheduleSelection.swift in Sources */,
				6D2D55932C40044F00D4CE8C /* SideMenuViewController.swift in Sources */,
				6D320D562C39C20300CF6194 /* LoginViewController.swift in Sources */,
				6D4293182C3442F300B44ED1 /* KeyboardWorkExtension.swift in Sources */,
				6D42930F2C317C2F00B44ED1 /* StudentSearchCollectionViewCell.swift in Sources */,
				6D6DCC3D2C2936D200BE983C /* AppDelegate.swift in Sources */,
				6D6DCC552C2937E400BE983C /* StudentsCollectionViewController.swift in Sources */,
				6D2D558E2C3EB8F500D4CE8C /* ForgotPasswordViewController.swift in Sources */,
				6D6DCC3F2C2936D200BE983C /* SceneDelegate.swift in Sources */,
				6D320D672C39D58C00CF6194 /* StudentsCollectionViewControllerWrapper.swift in Sources */,
				6D320D692C39DEB700CF6194 /* LoginManager.swift in Sources */,
				6D4293112C3297FF00B44ED1 /* StudentsSearchViewController.swift in Sources */,
				6D6DCC5B2C2939C500BE983C /* StudentCardSetupUI.swift in Sources */,
				6D6DCC532C29378E00BE983C /* StudentViewModel.swift in Sources */,
				6D9D20212C4181BA007CF2EF /* CustomNavigationController.swift in Sources */,
				6D4293072C2CB3A300B44ED1 /* StudentCardPhotoChoosingPermission.swift in Sources */,
				6D4293132C32A45400B44ED1 /* StudentSearchHistoryTableViewCell.swift in Sources */,
				6D6DCC592C29398E00BE983C /* StudentCollectionViewCell.swift in Sources */,
				6D2D558A2C3DBDA600D4CE8C /* SearchHistoryHeaderView.swift in Sources */,
				6D320D542C39C17000CF6194 /* FirebaseManager.swift in Sources */,
				6D42930D2C3087A700B44ED1 /* MonthsTableViewController.swift in Sources */,
				6D6DCC622C293A7300BE983C /* StartScreenLabelMethodExtension.swift in Sources */,
			);
			runOnlyForDeploymentPostprocessing = 0;
		};
/* End PBXSourcesBuildPhase section */

/* Begin PBXVariantGroup section */
		6D6DCC422C2936D200BE983C /* Main.storyboard */ = {
			isa = PBXVariantGroup;
			children = (
				6D6DCC432C2936D200BE983C /* Base */,
			);
			name = Main.storyboard;
			sourceTree = "<group>";
		};
		6D6DCC472C2936D400BE983C /* LaunchScreen.storyboard */ = {
			isa = PBXVariantGroup;
			children = (
				6D6DCC482C2936D400BE983C /* Base */,
			);
			name = LaunchScreen.storyboard;
			sourceTree = "<group>";
		};
/* End PBXVariantGroup section */

/* Begin XCBuildConfiguration section */
		6D6DCC4B2C2936D400BE983C /* Debug */ = {
			isa = XCBuildConfiguration;
			buildSettings = {
				ALWAYS_SEARCH_USER_PATHS = NO;
				ASSETCATALOG_COMPILER_GENERATE_SWIFT_ASSET_SYMBOL_EXTENSIONS = YES;
				CLANG_ANALYZER_NONNULL = YES;
				CLANG_ANALYZER_NUMBER_OBJECT_CONVERSION = YES_AGGRESSIVE;
				CLANG_CXX_LANGUAGE_STANDARD = "gnu++20";
				CLANG_ENABLE_MODULES = YES;
				CLANG_ENABLE_OBJC_ARC = YES;
				CLANG_ENABLE_OBJC_WEAK = YES;
				CLANG_WARN_BLOCK_CAPTURE_AUTORELEASING = YES;
				CLANG_WARN_BOOL_CONVERSION = YES;
				CLANG_WARN_COMMA = YES;
				CLANG_WARN_CONSTANT_CONVERSION = YES;
				CLANG_WARN_DEPRECATED_OBJC_IMPLEMENTATIONS = YES;
				CLANG_WARN_DIRECT_OBJC_ISA_USAGE = YES_ERROR;
				CLANG_WARN_DOCUMENTATION_COMMENTS = YES;
				CLANG_WARN_EMPTY_BODY = YES;
				CLANG_WARN_ENUM_CONVERSION = YES;
				CLANG_WARN_INFINITE_RECURSION = YES;
				CLANG_WARN_INT_CONVERSION = YES;
				CLANG_WARN_NON_LITERAL_NULL_CONVERSION = YES;
				CLANG_WARN_OBJC_IMPLICIT_RETAIN_SELF = YES;
				CLANG_WARN_OBJC_LITERAL_CONVERSION = YES;
				CLANG_WARN_OBJC_ROOT_CLASS = YES_ERROR;
				CLANG_WARN_QUOTED_INCLUDE_IN_FRAMEWORK_HEADER = YES;
				CLANG_WARN_RANGE_LOOP_ANALYSIS = YES;
				CLANG_WARN_STRICT_PROTOTYPES = YES;
				CLANG_WARN_SUSPICIOUS_MOVE = YES;
				CLANG_WARN_UNGUARDED_AVAILABILITY = YES_AGGRESSIVE;
				CLANG_WARN_UNREACHABLE_CODE = YES;
				CLANG_WARN__DUPLICATE_METHOD_MATCH = YES;
				COPY_PHASE_STRIP = NO;
				DEBUG_INFORMATION_FORMAT = dwarf;
				ENABLE_STRICT_OBJC_MSGSEND = YES;
				ENABLE_TESTABILITY = YES;
				ENABLE_USER_SCRIPT_SANDBOXING = NO;
				GCC_C_LANGUAGE_STANDARD = gnu17;
				GCC_DYNAMIC_NO_PIC = NO;
				GCC_NO_COMMON_BLOCKS = YES;
				GCC_OPTIMIZATION_LEVEL = 0;
				GCC_PREPROCESSOR_DEFINITIONS = (
					"DEBUG=1",
					"$(inherited)",
				);
				GCC_WARN_64_TO_32_BIT_CONVERSION = YES;
				GCC_WARN_ABOUT_RETURN_TYPE = YES_ERROR;
				GCC_WARN_UNDECLARED_SELECTOR = YES;
				GCC_WARN_UNINITIALIZED_AUTOS = YES_AGGRESSIVE;
				GCC_WARN_UNUSED_FUNCTION = YES;
				GCC_WARN_UNUSED_VARIABLE = YES;
				IPHONEOS_DEPLOYMENT_TARGET = 14.0;
				LOCALIZATION_PREFERS_STRING_CATALOGS = YES;
				MTL_ENABLE_DEBUG_INFO = INCLUDE_SOURCE;
				MTL_FAST_MATH = YES;
				ONLY_ACTIVE_ARCH = YES;
				SDKROOT = iphoneos;
				SWIFT_ACTIVE_COMPILATION_CONDITIONS = "DEBUG $(inherited)";
				SWIFT_OPTIMIZATION_LEVEL = "-Onone";
			};
			name = Debug;
		};
		6D6DCC4C2C2936D400BE983C /* Release */ = {
			isa = XCBuildConfiguration;
			buildSettings = {
				ALWAYS_SEARCH_USER_PATHS = NO;
				ASSETCATALOG_COMPILER_GENERATE_SWIFT_ASSET_SYMBOL_EXTENSIONS = YES;
				CLANG_ANALYZER_NONNULL = YES;
				CLANG_ANALYZER_NUMBER_OBJECT_CONVERSION = YES_AGGRESSIVE;
				CLANG_CXX_LANGUAGE_STANDARD = "gnu++20";
				CLANG_ENABLE_MODULES = YES;
				CLANG_ENABLE_OBJC_ARC = YES;
				CLANG_ENABLE_OBJC_WEAK = YES;
				CLANG_WARN_BLOCK_CAPTURE_AUTORELEASING = YES;
				CLANG_WARN_BOOL_CONVERSION = YES;
				CLANG_WARN_COMMA = YES;
				CLANG_WARN_CONSTANT_CONVERSION = YES;
				CLANG_WARN_DEPRECATED_OBJC_IMPLEMENTATIONS = YES;
				CLANG_WARN_DIRECT_OBJC_ISA_USAGE = YES_ERROR;
				CLANG_WARN_DOCUMENTATION_COMMENTS = YES;
				CLANG_WARN_EMPTY_BODY = YES;
				CLANG_WARN_ENUM_CONVERSION = YES;
				CLANG_WARN_INFINITE_RECURSION = YES;
				CLANG_WARN_INT_CONVERSION = YES;
				CLANG_WARN_NON_LITERAL_NULL_CONVERSION = YES;
				CLANG_WARN_OBJC_IMPLICIT_RETAIN_SELF = YES;
				CLANG_WARN_OBJC_LITERAL_CONVERSION = YES;
				CLANG_WARN_OBJC_ROOT_CLASS = YES_ERROR;
				CLANG_WARN_QUOTED_INCLUDE_IN_FRAMEWORK_HEADER = YES;
				CLANG_WARN_RANGE_LOOP_ANALYSIS = YES;
				CLANG_WARN_STRICT_PROTOTYPES = YES;
				CLANG_WARN_SUSPICIOUS_MOVE = YES;
				CLANG_WARN_UNGUARDED_AVAILABILITY = YES_AGGRESSIVE;
				CLANG_WARN_UNREACHABLE_CODE = YES;
				CLANG_WARN__DUPLICATE_METHOD_MATCH = YES;
				COPY_PHASE_STRIP = NO;
				DEBUG_INFORMATION_FORMAT = "dwarf-with-dsym";
				ENABLE_NS_ASSERTIONS = NO;
				ENABLE_STRICT_OBJC_MSGSEND = YES;
				ENABLE_USER_SCRIPT_SANDBOXING = NO;
				GCC_C_LANGUAGE_STANDARD = gnu17;
				GCC_NO_COMMON_BLOCKS = YES;
				GCC_WARN_64_TO_32_BIT_CONVERSION = YES;
				GCC_WARN_ABOUT_RETURN_TYPE = YES_ERROR;
				GCC_WARN_UNDECLARED_SELECTOR = YES;
				GCC_WARN_UNINITIALIZED_AUTOS = YES_AGGRESSIVE;
				GCC_WARN_UNUSED_FUNCTION = YES;
				GCC_WARN_UNUSED_VARIABLE = YES;
				IPHONEOS_DEPLOYMENT_TARGET = 14.0;
				LOCALIZATION_PREFERS_STRING_CATALOGS = YES;
				MTL_ENABLE_DEBUG_INFO = NO;
				MTL_FAST_MATH = YES;
				SDKROOT = iphoneos;
				SWIFT_COMPILATION_MODE = wholemodule;
				VALIDATE_PRODUCT = YES;
			};
			name = Release;
		};
		6D6DCC4E2C2936D400BE983C /* Debug */ = {
			isa = XCBuildConfiguration;
			buildSettings = {
				ASSETCATALOG_COMPILER_APPICON_NAME = AppIcon;
				ASSETCATALOG_COMPILER_GLOBAL_ACCENT_COLOR_NAME = AccentColor;
				CODE_SIGN_STYLE = Automatic;
				CURRENT_PROJECT_VERSION = 1;
				DEVELOPMENT_TEAM = PJ4TAD8N5W;
				GENERATE_INFOPLIST_FILE = YES;
				INFOPLIST_FILE = "My Students/Info.plist";
				INFOPLIST_KEY_UIApplicationSupportsIndirectInputEvents = YES;
				INFOPLIST_KEY_UILaunchStoryboardName = LaunchScreen;
				INFOPLIST_KEY_UISupportedInterfaceOrientations_iPad = "UIInterfaceOrientationPortrait UIInterfaceOrientationPortraitUpsideDown UIInterfaceOrientationLandscapeLeft UIInterfaceOrientationLandscapeRight";
				INFOPLIST_KEY_UISupportedInterfaceOrientations_iPhone = "UIInterfaceOrientationPortrait UIInterfaceOrientationLandscapeLeft UIInterfaceOrientationLandscapeRight";
				LD_RUNPATH_SEARCH_PATHS = (
					"$(inherited)",
					"@executable_path/Frameworks",
				);
				MARKETING_VERSION = 1.0;
				PRODUCT_BUNDLE_IDENTIFIER = "com.markkulik.My-Students";
				PRODUCT_NAME = "$(TARGET_NAME)";
				SWIFT_EMIT_LOC_STRINGS = YES;
				SWIFT_VERSION = 5.0;
				TARGETED_DEVICE_FAMILY = "1,2";
			};
			name = Debug;
		};
		6D6DCC4F2C2936D400BE983C /* Release */ = {
			isa = XCBuildConfiguration;
			buildSettings = {
				ASSETCATALOG_COMPILER_APPICON_NAME = AppIcon;
				ASSETCATALOG_COMPILER_GLOBAL_ACCENT_COLOR_NAME = AccentColor;
				CODE_SIGN_STYLE = Automatic;
				CURRENT_PROJECT_VERSION = 1;
				DEVELOPMENT_TEAM = PJ4TAD8N5W;
				GENERATE_INFOPLIST_FILE = YES;
				INFOPLIST_FILE = "My Students/Info.plist";
				INFOPLIST_KEY_UIApplicationSupportsIndirectInputEvents = YES;
				INFOPLIST_KEY_UILaunchStoryboardName = LaunchScreen;
				INFOPLIST_KEY_UISupportedInterfaceOrientations_iPad = "UIInterfaceOrientationPortrait UIInterfaceOrientationPortraitUpsideDown UIInterfaceOrientationLandscapeLeft UIInterfaceOrientationLandscapeRight";
				INFOPLIST_KEY_UISupportedInterfaceOrientations_iPhone = "UIInterfaceOrientationPortrait UIInterfaceOrientationLandscapeLeft UIInterfaceOrientationLandscapeRight";
				LD_RUNPATH_SEARCH_PATHS = (
					"$(inherited)",
					"@executable_path/Frameworks",
				);
				MARKETING_VERSION = 1.0;
				PRODUCT_BUNDLE_IDENTIFIER = "com.markkulik.My-Students";
				PRODUCT_NAME = "$(TARGET_NAME)";
				SWIFT_EMIT_LOC_STRINGS = YES;
				SWIFT_VERSION = 5.0;
				TARGETED_DEVICE_FAMILY = "1,2";
			};
			name = Release;
		};
/* End XCBuildConfiguration section */

/* Begin XCConfigurationList section */
		6D6DCC342C2936D100BE983C /* Build configuration list for PBXProject "My Students" */ = {
			isa = XCConfigurationList;
			buildConfigurations = (
				6D6DCC4B2C2936D400BE983C /* Debug */,
				6D6DCC4C2C2936D400BE983C /* Release */,
			);
			defaultConfigurationIsVisible = 0;
			defaultConfigurationName = Release;
		};
		6D6DCC4D2C2936D400BE983C /* Build configuration list for PBXNativeTarget "My Students" */ = {
			isa = XCConfigurationList;
			buildConfigurations = (
				6D6DCC4E2C2936D400BE983C /* Debug */,
				6D6DCC4F2C2936D400BE983C /* Release */,
			);
			defaultConfigurationIsVisible = 0;
			defaultConfigurationName = Release;
		};
/* End XCConfigurationList section */

/* Begin XCRemoteSwiftPackageReference section */
		6D2D55702C3C776200D4CE8C /* XCRemoteSwiftPackageReference "firebase-ios-sdk" */ = {
			isa = XCRemoteSwiftPackageReference;
			repositoryURL = "https://github.com/firebase/firebase-ios-sdk";
			requirement = {
				kind = upToNextMajorVersion;
				minimumVersion = 10.29.0;
			};
		};
		6D4293012C29437000B44ED1 /* XCRemoteSwiftPackageReference "SnapKit" */ = {
			isa = XCRemoteSwiftPackageReference;
			repositoryURL = "https://github.com/SnapKit/SnapKit";
			requirement = {
				kind = upToNextMajorVersion;
				minimumVersion = 5.7.1;
			};
		};
		6D9D201D2C416941007CF2EF /* XCRemoteSwiftPackageReference "Kingfisher" */ = {
			isa = XCRemoteSwiftPackageReference;
			repositoryURL = "https://github.com/onevcat/Kingfisher";
			requirement = {
				kind = upToNextMajorVersion;
				minimumVersion = 7.12.0;
			};
		};
/* End XCRemoteSwiftPackageReference section */

/* Begin XCSwiftPackageProductDependency section */
		6D2D55712C3C79D600D4CE8C /* FirebaseAnalytics */ = {
			isa = XCSwiftPackageProductDependency;
			package = 6D2D55702C3C776200D4CE8C /* XCRemoteSwiftPackageReference "firebase-ios-sdk" */;
			productName = FirebaseAnalytics;
		};
		6D2D55732C3C79D600D4CE8C /* FirebaseAnalyticsSwift */ = {
			isa = XCSwiftPackageProductDependency;
			package = 6D2D55702C3C776200D4CE8C /* XCRemoteSwiftPackageReference "firebase-ios-sdk" */;
			productName = FirebaseAnalyticsSwift;
		};
		6D2D55752C3C79D600D4CE8C /* FirebaseAuth */ = {
			isa = XCSwiftPackageProductDependency;
			package = 6D2D55702C3C776200D4CE8C /* XCRemoteSwiftPackageReference "firebase-ios-sdk" */;
			productName = FirebaseAuth;
		};
		6D2D55772C3C79D600D4CE8C /* FirebaseDatabase */ = {
			isa = XCSwiftPackageProductDependency;
			package = 6D2D55702C3C776200D4CE8C /* XCRemoteSwiftPackageReference "firebase-ios-sdk" */;
			productName = FirebaseDatabase;
		};
		6D2D55792C3C79D600D4CE8C /* FirebaseDatabaseSwift */ = {
			isa = XCSwiftPackageProductDependency;
			package = 6D2D55702C3C776200D4CE8C /* XCRemoteSwiftPackageReference "firebase-ios-sdk" */;
			productName = FirebaseDatabaseSwift;
		};
		6D2D557B2C3C79D600D4CE8C /* FirebaseFirestore */ = {
			isa = XCSwiftPackageProductDependency;
			package = 6D2D55702C3C776200D4CE8C /* XCRemoteSwiftPackageReference "firebase-ios-sdk" */;
			productName = FirebaseFirestore;
		};
		6D2D557D2C3C79D600D4CE8C /* FirebaseFirestoreSwift */ = {
			isa = XCSwiftPackageProductDependency;
			package = 6D2D55702C3C776200D4CE8C /* XCRemoteSwiftPackageReference "firebase-ios-sdk" */;
			productName = FirebaseFirestoreSwift;
		};
		6D2D557F2C3C79D600D4CE8C /* FirebaseStorage */ = {
			isa = XCSwiftPackageProductDependency;
			package = 6D2D55702C3C776200D4CE8C /* XCRemoteSwiftPackageReference "firebase-ios-sdk" */;
			productName = FirebaseStorage;
		};
		6D4293022C29437000B44ED1 /* SnapKit */ = {
			isa = XCSwiftPackageProductDependency;
			package = 6D4293012C29437000B44ED1 /* XCRemoteSwiftPackageReference "SnapKit" */;
			productName = SnapKit;
		};
		6D9D201E2C416941007CF2EF /* Kingfisher */ = {
			isa = XCSwiftPackageProductDependency;
			package = 6D9D201D2C416941007CF2EF /* XCRemoteSwiftPackageReference "Kingfisher" */;
			productName = Kingfisher;
		};
/* End XCSwiftPackageProductDependency section */
	};
	rootObject = 6D6DCC312C2936D100BE983C /* Project object */;
}
