// !$*UTF8*$!
{
	archiveVersion = 1;
	classes = {
	};
	objectVersion = 56;
	objects = {

/* Begin PBXBuildFile section */
		6D4293032C29437000B44ED1 /* SnapKit in Frameworks */ = {isa = PBXBuildFile; productRef = 6D4293022C29437000B44ED1 /* SnapKit */; };
		6D4293042C2C24C400B44ED1 /* Pods_My_Students.framework in Frameworks */ = {isa = PBXBuildFile; fileRef = 66B406D382489C82CE1E76F4 /* Pods_My_Students.framework */; settings = {ATTRIBUTES = (Required, ); }; };
		6D4293052C2C24C400B44ED1 /* Pods_My_Students.framework in Embed Frameworks */ = {isa = PBXBuildFile; fileRef = 66B406D382489C82CE1E76F4 /* Pods_My_Students.framework */; settings = {ATTRIBUTES = (CodeSignOnCopy, RemoveHeadersOnCopy, ); }; };
		6D4293072C2CB3A300B44ED1 /* StudentCardPhotoChoosingPermission.swift in Sources */ = {isa = PBXBuildFile; fileRef = 6D4293062C2CB3A300B44ED1 /* StudentCardPhotoChoosingPermission.swift */; };
		6D4293092C2CB3CB00B44ED1 /* UIImagePickerControllerDelegate.swift in Sources */ = {isa = PBXBuildFile; fileRef = 6D4293082C2CB3CB00B44ED1 /* UIImagePickerControllerDelegate.swift */; };
		6D6DCC3D2C2936D200BE983C /* AppDelegate.swift in Sources */ = {isa = PBXBuildFile; fileRef = 6D6DCC3C2C2936D200BE983C /* AppDelegate.swift */; };
		6D6DCC3F2C2936D200BE983C /* SceneDelegate.swift in Sources */ = {isa = PBXBuildFile; fileRef = 6D6DCC3E2C2936D200BE983C /* SceneDelegate.swift */; };
		6D6DCC442C2936D200BE983C /* Base in Resources */ = {isa = PBXBuildFile; fileRef = 6D6DCC432C2936D200BE983C /* Base */; };
		6D6DCC462C2936D400BE983C /* Assets.xcassets in Resources */ = {isa = PBXBuildFile; fileRef = 6D6DCC452C2936D400BE983C /* Assets.xcassets */; };
		6D6DCC492C2936D400BE983C /* Base in Resources */ = {isa = PBXBuildFile; fileRef = 6D6DCC482C2936D400BE983C /* Base */; };
		6D6DCC512C29376D00BE983C /* StudentModel.swift in Sources */ = {isa = PBXBuildFile; fileRef = 6D6DCC502C29376D00BE983C /* StudentModel.swift */; };
		6D6DCC532C29378E00BE983C /* StudentViewModel.swift in Sources */ = {isa = PBXBuildFile; fileRef = 6D6DCC522C29378E00BE983C /* StudentViewModel.swift */; };
		6D6DCC552C2937E400BE983C /* StudentsCollectionViewController.swift in Sources */ = {isa = PBXBuildFile; fileRef = 6D6DCC542C2937E400BE983C /* StudentsCollectionViewController.swift */; };
		6D6DCC572C29389300BE983C /* StudentCardViewController.swift in Sources */ = {isa = PBXBuildFile; fileRef = 6D6DCC562C29389300BE983C /* StudentCardViewController.swift */; };
		6D6DCC592C29398E00BE983C /* StudentCollectionViewCell.swift in Sources */ = {isa = PBXBuildFile; fileRef = 6D6DCC582C29398E00BE983C /* StudentCollectionViewCell.swift */; };
		6D6DCC5B2C2939C500BE983C /* StudentCardSetupUI.swift in Sources */ = {isa = PBXBuildFile; fileRef = 6D6DCC5A2C2939C500BE983C /* StudentCardSetupUI.swift */; };
		6D6DCC622C293A7300BE983C /* StartScreenLabel.swift in Sources */ = {isa = PBXBuildFile; fileRef = 6D6DCC612C293A7300BE983C /* StartScreenLabel.swift */; };
		6D6DCC642C293C7C00BE983C /* StudentCardScheduleSelection.swift in Sources */ = {isa = PBXBuildFile; fileRef = 6D6DCC632C293C7C00BE983C /* StudentCardScheduleSelection.swift */; };
/* End PBXBuildFile section */

/* Begin PBXCopyFilesBuildPhase section */
		6D6DCC662C29417A00BE983C /* Embed Frameworks */ = {
			isa = PBXCopyFilesBuildPhase;
			buildActionMask = 2147483647;
			dstPath = "";
			dstSubfolderSpec = 10;
			files = (
				6D4293052C2C24C400B44ED1 /* Pods_My_Students.framework in Embed Frameworks */,
			);
			name = "Embed Frameworks";
			runOnlyForDeploymentPostprocessing = 0;
		};
/* End PBXCopyFilesBuildPhase section */

/* Begin PBXFileReference section */
		03404CB6D2DE744CCDD146C7 /* Pods-My Students.debug.xcconfig */ = {isa = PBXFileReference; includeInIndex = 1; lastKnownFileType = text.xcconfig; name = "Pods-My Students.debug.xcconfig"; path = "Target Support Files/Pods-My Students/Pods-My Students.debug.xcconfig"; sourceTree = "<group>"; };
		66B406D382489C82CE1E76F4 /* Pods_My_Students.framework */ = {isa = PBXFileReference; explicitFileType = wrapper.framework; includeInIndex = 0; path = Pods_My_Students.framework; sourceTree = BUILT_PRODUCTS_DIR; };
		6D4293062C2CB3A300B44ED1 /* StudentCardPhotoChoosingPermission.swift */ = {isa = PBXFileReference; lastKnownFileType = sourcecode.swift; path = StudentCardPhotoChoosingPermission.swift; sourceTree = "<group>"; };
		6D4293082C2CB3CB00B44ED1 /* UIImagePickerControllerDelegate.swift */ = {isa = PBXFileReference; lastKnownFileType = sourcecode.swift; path = UIImagePickerControllerDelegate.swift; sourceTree = "<group>"; };
		6D6DCC392C2936D100BE983C /* My Students.app */ = {isa = PBXFileReference; explicitFileType = wrapper.application; includeInIndex = 0; path = "My Students.app"; sourceTree = BUILT_PRODUCTS_DIR; };
		6D6DCC3C2C2936D200BE983C /* AppDelegate.swift */ = {isa = PBXFileReference; lastKnownFileType = sourcecode.swift; path = AppDelegate.swift; sourceTree = "<group>"; };
		6D6DCC3E2C2936D200BE983C /* SceneDelegate.swift */ = {isa = PBXFileReference; lastKnownFileType = sourcecode.swift; path = SceneDelegate.swift; sourceTree = "<group>"; };
		6D6DCC432C2936D200BE983C /* Base */ = {isa = PBXFileReference; lastKnownFileType = file.storyboard; name = Base; path = Base.lproj/Main.storyboard; sourceTree = "<group>"; };
		6D6DCC452C2936D400BE983C /* Assets.xcassets */ = {isa = PBXFileReference; lastKnownFileType = folder.assetcatalog; path = Assets.xcassets; sourceTree = "<group>"; };
		6D6DCC482C2936D400BE983C /* Base */ = {isa = PBXFileReference; lastKnownFileType = file.storyboard; name = Base; path = Base.lproj/LaunchScreen.storyboard; sourceTree = "<group>"; };
		6D6DCC4A2C2936D400BE983C /* Info.plist */ = {isa = PBXFileReference; lastKnownFileType = text.plist.xml; path = Info.plist; sourceTree = "<group>"; };
		6D6DCC502C29376D00BE983C /* StudentModel.swift */ = {isa = PBXFileReference; lastKnownFileType = sourcecode.swift; path = StudentModel.swift; sourceTree = "<group>"; };
		6D6DCC522C29378E00BE983C /* StudentViewModel.swift */ = {isa = PBXFileReference; lastKnownFileType = sourcecode.swift; path = StudentViewModel.swift; sourceTree = "<group>"; };
		6D6DCC542C2937E400BE983C /* StudentsCollectionViewController.swift */ = {isa = PBXFileReference; lastKnownFileType = sourcecode.swift; path = StudentsCollectionViewController.swift; sourceTree = "<group>"; };
		6D6DCC562C29389300BE983C /* StudentCardViewController.swift */ = {isa = PBXFileReference; lastKnownFileType = sourcecode.swift; path = StudentCardViewController.swift; sourceTree = "<group>"; };
		6D6DCC582C29398E00BE983C /* StudentCollectionViewCell.swift */ = {isa = PBXFileReference; lastKnownFileType = sourcecode.swift; path = StudentCollectionViewCell.swift; sourceTree = "<group>"; };
		6D6DCC5A2C2939C500BE983C /* StudentCardSetupUI.swift */ = {isa = PBXFileReference; lastKnownFileType = sourcecode.swift; path = StudentCardSetupUI.swift; sourceTree = "<group>"; };
		6D6DCC612C293A7300BE983C /* StartScreenLabel.swift */ = {isa = PBXFileReference; lastKnownFileType = sourcecode.swift; path = StartScreenLabel.swift; sourceTree = "<group>"; };
		6D6DCC632C293C7C00BE983C /* StudentCardScheduleSelection.swift */ = {isa = PBXFileReference; lastKnownFileType = sourcecode.swift; path = StudentCardScheduleSelection.swift; sourceTree = "<group>"; };
		E652B4A416F8E32BFDEBD020 /* Pods-My Students.release.xcconfig */ = {isa = PBXFileReference; includeInIndex = 1; lastKnownFileType = text.xcconfig; name = "Pods-My Students.release.xcconfig"; path = "Target Support Files/Pods-My Students/Pods-My Students.release.xcconfig"; sourceTree = "<group>"; };
/* End PBXFileReference section */

/* Begin PBXFrameworksBuildPhase section */
		6D6DCC362C2936D100BE983C /* Frameworks */ = {
			isa = PBXFrameworksBuildPhase;
			buildActionMask = 2147483647;
			files = (
				6D4293042C2C24C400B44ED1 /* Pods_My_Students.framework in Frameworks */,
				6D4293032C29437000B44ED1 /* SnapKit in Frameworks */,
			);
			runOnlyForDeploymentPostprocessing = 0;
		};
/* End PBXFrameworksBuildPhase section */

/* Begin PBXGroup section */
		5D893975C528D68AF7F5EF76 /* Pods */ = {
			isa = PBXGroup;
			children = (
				03404CB6D2DE744CCDD146C7 /* Pods-My Students.debug.xcconfig */,
				E652B4A416F8E32BFDEBD020 /* Pods-My Students.release.xcconfig */,
			);
			path = Pods;
			sourceTree = "<group>";
		};
		6D6DCC302C2936D100BE983C = {
			isa = PBXGroup;
			children = (
				6D6DCC3B2C2936D100BE983C /* My Students */,
				6D6DCC3A2C2936D100BE983C /* Products */,
				5D893975C528D68AF7F5EF76 /* Pods */,
				DFEC0AEF9B11BD35A6E49FD4 /* Frameworks */,
			);
			sourceTree = "<group>";
		};
		6D6DCC3A2C2936D100BE983C /* Products */ = {
			isa = PBXGroup;
			children = (
				6D6DCC392C2936D100BE983C /* My Students.app */,
			);
			name = Products;
			sourceTree = "<group>";
		};
		6D6DCC3B2C2936D100BE983C /* My Students */ = {
			isa = PBXGroup;
			children = (
				6D6DCC3C2C2936D200BE983C /* AppDelegate.swift */,
				6D6DCC3E2C2936D200BE983C /* SceneDelegate.swift */,
				6D6DCC422C2936D200BE983C /* Main.storyboard */,
				6D6DCC452C2936D400BE983C /* Assets.xcassets */,
				6D6DCC472C2936D400BE983C /* LaunchScreen.storyboard */,
				6D6DCC4A2C2936D400BE983C /* Info.plist */,
				6D6DCC502C29376D00BE983C /* StudentModel.swift */,
				6D6DCC522C29378E00BE983C /* StudentViewModel.swift */,
				6D6DCC542C2937E400BE983C /* StudentsCollectionViewController.swift */,
				6D6DCC582C29398E00BE983C /* StudentCollectionViewCell.swift */,
				6D6DCC562C29389300BE983C /* StudentCardViewController.swift */,
				6D6DCC5A2C2939C500BE983C /* StudentCardSetupUI.swift */,
				6D4293062C2CB3A300B44ED1 /* StudentCardPhotoChoosingPermission.swift */,
				6D4293082C2CB3CB00B44ED1 /* UIImagePickerControllerDelegate.swift */,
				6D6DCC632C293C7C00BE983C /* StudentCardScheduleSelection.swift */,
				6D6DCC612C293A7300BE983C /* StartScreenLabel.swift */,
			);
			path = "My Students";
			sourceTree = "<group>";
		};
		DFEC0AEF9B11BD35A6E49FD4 /* Frameworks */ = {
			isa = PBXGroup;
			children = (
				66B406D382489C82CE1E76F4 /* Pods_My_Students.framework */,
			);
			name = Frameworks;
			sourceTree = "<group>";
		};
/* End PBXGroup section */

/* Begin PBXNativeTarget section */
		6D6DCC382C2936D100BE983C /* My Students */ = {
			isa = PBXNativeTarget;
			buildConfigurationList = 6D6DCC4D2C2936D400BE983C /* Build configuration list for PBXNativeTarget "My Students" */;
			buildPhases = (
				6E3AB5B8E65A1F905FF0DDF5 /* [CP] Check Pods Manifest.lock */,
				6D6DCC352C2936D100BE983C /* Sources */,
				6D6DCC362C2936D100BE983C /* Frameworks */,
				6D6DCC372C2936D100BE983C /* Resources */,
				6D6DCC662C29417A00BE983C /* Embed Frameworks */,
				FFF1077E54523C932E141C90 /* [CP] Embed Pods Frameworks */,
			);
			buildRules = (
			);
			dependencies = (
			);
			name = "My Students";
			packageProductDependencies = (
				6D4293022C29437000B44ED1 /* SnapKit */,
			);
			productName = "My Students";
			productReference = 6D6DCC392C2936D100BE983C /* My Students.app */;
			productType = "com.apple.product-type.application";
		};
/* End PBXNativeTarget section */

/* Begin PBXProject section */
		6D6DCC312C2936D100BE983C /* Project object */ = {
			isa = PBXProject;
			attributes = {
				BuildIndependentTargetsInParallel = 1;
				LastSwiftUpdateCheck = 1540;
				LastUpgradeCheck = 1540;
				TargetAttributes = {
					6D6DCC382C2936D100BE983C = {
						CreatedOnToolsVersion = 15.4;
					};
				};
			};
			buildConfigurationList = 6D6DCC342C2936D100BE983C /* Build configuration list for PBXProject "My Students" */;
			compatibilityVersion = "Xcode 14.0";
			developmentRegion = en;
			hasScannedForEncodings = 0;
			knownRegions = (
				en,
				Base,
			);
			mainGroup = 6D6DCC302C2936D100BE983C;
			packageReferences = (
				6D4293012C29437000B44ED1 /* XCRemoteSwiftPackageReference "SnapKit" */,
			);
			productRefGroup = 6D6DCC3A2C2936D100BE983C /* Products */;
			projectDirPath = "";
			projectRoot = "";
			targets = (
				6D6DCC382C2936D100BE983C /* My Students */,
			);
		};
/* End PBXProject section */

/* Begin PBXResourcesBuildPhase section */
		6D6DCC372C2936D100BE983C /* Resources */ = {
			isa = PBXResourcesBuildPhase;
			buildActionMask = 2147483647;
			files = (
				6D6DCC462C2936D400BE983C /* Assets.xcassets in Resources */,
				6D6DCC492C2936D400BE983C /* Base in Resources */,
				6D6DCC442C2936D200BE983C /* Base in Resources */,
			);
			runOnlyForDeploymentPostprocessing = 0;
		};
/* End PBXResourcesBuildPhase section */

/* Begin PBXShellScriptBuildPhase section */
		6E3AB5B8E65A1F905FF0DDF5 /* [CP] Check Pods Manifest.lock */ = {
			isa = PBXShellScriptBuildPhase;
			buildActionMask = 2147483647;
			files = (
			);
			inputFileListPaths = (
			);
			inputPaths = (
				"${PODS_PODFILE_DIR_PATH}/Podfile.lock",
				"${PODS_ROOT}/Manifest.lock",
			);
			name = "[CP] Check Pods Manifest.lock";
			outputFileListPaths = (
			);
			outputPaths = (
				"$(DERIVED_FILE_DIR)/Pods-My Students-checkManifestLockResult.txt",
			);
			runOnlyForDeploymentPostprocessing = 0;
			shellPath = /bin/sh;
			shellScript = "diff \"${PODS_PODFILE_DIR_PATH}/Podfile.lock\" \"${PODS_ROOT}/Manifest.lock\" > /dev/null\nif [ $? != 0 ] ; then\n    # print error to STDERR\n    echo \"error: The sandbox is not in sync with the Podfile.lock. Run 'pod install' or update your CocoaPods installation.\" >&2\n    exit 1\nfi\n# This output is used by Xcode 'outputs' to avoid re-running this script phase.\necho \"SUCCESS\" > \"${SCRIPT_OUTPUT_FILE_0}\"\n";
			showEnvVarsInLog = 0;
		};
		FFF1077E54523C932E141C90 /* [CP] Embed Pods Frameworks */ = {
			isa = PBXShellScriptBuildPhase;
			buildActionMask = 2147483647;
			files = (
			);
			inputFileListPaths = (
				"${PODS_ROOT}/Target Support Files/Pods-My Students/Pods-My Students-frameworks-${CONFIGURATION}-input-files.xcfilelist",
			);
			name = "[CP] Embed Pods Frameworks";
			outputFileListPaths = (
				"${PODS_ROOT}/Target Support Files/Pods-My Students/Pods-My Students-frameworks-${CONFIGURATION}-output-files.xcfilelist",
			);
			runOnlyForDeploymentPostprocessing = 0;
			shellPath = /bin/sh;
			shellScript = "\"${PODS_ROOT}/Target Support Files/Pods-My Students/Pods-My Students-frameworks.sh\"\n";
			showEnvVarsInLog = 0;
		};
/* End PBXShellScriptBuildPhase section */

/* Begin PBXSourcesBuildPhase section */
		6D6DCC352C2936D100BE983C /* Sources */ = {
			isa = PBXSourcesBuildPhase;
			buildActionMask = 2147483647;
			files = (
				6D6DCC512C29376D00BE983C /* StudentModel.swift in Sources */,
				6D6DCC572C29389300BE983C /* StudentCardViewController.swift in Sources */,
				6D4293092C2CB3CB00B44ED1 /* UIImagePickerControllerDelegate.swift in Sources */,
				6D6DCC642C293C7C00BE983C /* StudentCardScheduleSelection.swift in Sources */,
				6D6DCC3D2C2936D200BE983C /* AppDelegate.swift in Sources */,
				6D6DCC552C2937E400BE983C /* StudentsCollectionViewController.swift in Sources */,
				6D6DCC3F2C2936D200BE983C /* SceneDelegate.swift in Sources */,
				6D6DCC5B2C2939C500BE983C /* StudentCardSetupUI.swift in Sources */,
				6D6DCC532C29378E00BE983C /* StudentViewModel.swift in Sources */,
				6D4293072C2CB3A300B44ED1 /* StudentCardPhotoChoosingPermission.swift in Sources */,
				6D6DCC592C29398E00BE983C /* StudentCollectionViewCell.swift in Sources */,
				6D6DCC622C293A7300BE983C /* StartScreenLabel.swift in Sources */,
			);
			runOnlyForDeploymentPostprocessing = 0;
		};
/* End PBXSourcesBuildPhase section */

/* Begin PBXVariantGroup section */
		6D6DCC422C2936D200BE983C /* Main.storyboard */ = {
			isa = PBXVariantGroup;
			children = (
				6D6DCC432C2936D200BE983C /* Base */,
			);
			name = Main.storyboard;
			sourceTree = "<group>";
		};
		6D6DCC472C2936D400BE983C /* LaunchScreen.storyboard */ = {
			isa = PBXVariantGroup;
			children = (
				6D6DCC482C2936D400BE983C /* Base */,
			);
			name = LaunchScreen.storyboard;
			sourceTree = "<group>";
		};
/* End PBXVariantGroup section */

/* Begin XCBuildConfiguration section */
		6D6DCC4B2C2936D400BE983C /* Debug */ = {
			isa = XCBuildConfiguration;
			buildSettings = {
				ALWAYS_SEARCH_USER_PATHS = NO;
				ASSETCATALOG_COMPILER_GENERATE_SWIFT_ASSET_SYMBOL_EXTENSIONS = YES;
				CLANG_ANALYZER_NONNULL = YES;
				CLANG_ANALYZER_NUMBER_OBJECT_CONVERSION = YES_AGGRESSIVE;
				CLANG_CXX_LANGUAGE_STANDARD = "gnu++20";
				CLANG_ENABLE_MODULES = YES;
				CLANG_ENABLE_OBJC_ARC = YES;
				CLANG_ENABLE_OBJC_WEAK = YES;
				CLANG_WARN_BLOCK_CAPTURE_AUTORELEASING = YES;
				CLANG_WARN_BOOL_CONVERSION = YES;
				CLANG_WARN_COMMA = YES;
				CLANG_WARN_CONSTANT_CONVERSION = YES;
				CLANG_WARN_DEPRECATED_OBJC_IMPLEMENTATIONS = YES;
				CLANG_WARN_DIRECT_OBJC_ISA_USAGE = YES_ERROR;
				CLANG_WARN_DOCUMENTATION_COMMENTS = YES;
				CLANG_WARN_EMPTY_BODY = YES;
				CLANG_WARN_ENUM_CONVERSION = YES;
				CLANG_WARN_INFINITE_RECURSION = YES;
				CLANG_WARN_INT_CONVERSION = YES;
				CLANG_WARN_NON_LITERAL_NULL_CONVERSION = YES;
				CLANG_WARN_OBJC_IMPLICIT_RETAIN_SELF = YES;
				CLANG_WARN_OBJC_LITERAL_CONVERSION = YES;
				CLANG_WARN_OBJC_ROOT_CLASS = YES_ERROR;
				CLANG_WARN_QUOTED_INCLUDE_IN_FRAMEWORK_HEADER = YES;
				CLANG_WARN_RANGE_LOOP_ANALYSIS = YES;
				CLANG_WARN_STRICT_PROTOTYPES = YES;
				CLANG_WARN_SUSPICIOUS_MOVE = YES;
				CLANG_WARN_UNGUARDED_AVAILABILITY = YES_AGGRESSIVE;
				CLANG_WARN_UNREACHABLE_CODE = YES;
				CLANG_WARN__DUPLICATE_METHOD_MATCH = YES;
				COPY_PHASE_STRIP = NO;
				DEBUG_INFORMATION_FORMAT = dwarf;
				ENABLE_STRICT_OBJC_MSGSEND = YES;
				ENABLE_TESTABILITY = YES;
				ENABLE_USER_SCRIPT_SANDBOXING = NO;
				GCC_C_LANGUAGE_STANDARD = gnu17;
				GCC_DYNAMIC_NO_PIC = NO;
				GCC_NO_COMMON_BLOCKS = YES;
				GCC_OPTIMIZATION_LEVEL = 0;
				GCC_PREPROCESSOR_DEFINITIONS = (
					"DEBUG=1",
					"$(inherited)",
				);
				GCC_WARN_64_TO_32_BIT_CONVERSION = YES;
				GCC_WARN_ABOUT_RETURN_TYPE = YES_ERROR;
				GCC_WARN_UNDECLARED_SELECTOR = YES;
				GCC_WARN_UNINITIALIZED_AUTOS = YES_AGGRESSIVE;
				GCC_WARN_UNUSED_FUNCTION = YES;
				GCC_WARN_UNUSED_VARIABLE = YES;
				IPHONEOS_DEPLOYMENT_TARGET = 17.5;
				LOCALIZATION_PREFERS_STRING_CATALOGS = YES;
				MTL_ENABLE_DEBUG_INFO = INCLUDE_SOURCE;
				MTL_FAST_MATH = YES;
				ONLY_ACTIVE_ARCH = YES;
				SDKROOT = iphoneos;
				SWIFT_ACTIVE_COMPILATION_CONDITIONS = "DEBUG $(inherited)";
				SWIFT_OPTIMIZATION_LEVEL = "-Onone";
			};
			name = Debug;
		};
		6D6DCC4C2C2936D400BE983C /* Release */ = {
			isa = XCBuildConfiguration;
			buildSettings = {
				ALWAYS_SEARCH_USER_PATHS = NO;
				ASSETCATALOG_COMPILER_GENERATE_SWIFT_ASSET_SYMBOL_EXTENSIONS = YES;
				CLANG_ANALYZER_NONNULL = YES;
				CLANG_ANALYZER_NUMBER_OBJECT_CONVERSION = YES_AGGRESSIVE;
				CLANG_CXX_LANGUAGE_STANDARD = "gnu++20";
				CLANG_ENABLE_MODULES = YES;
				CLANG_ENABLE_OBJC_ARC = YES;
				CLANG_ENABLE_OBJC_WEAK = YES;
				CLANG_WARN_BLOCK_CAPTURE_AUTORELEASING = YES;
				CLANG_WARN_BOOL_CONVERSION = YES;
				CLANG_WARN_COMMA = YES;
				CLANG_WARN_CONSTANT_CONVERSION = YES;
				CLANG_WARN_DEPRECATED_OBJC_IMPLEMENTATIONS = YES;
				CLANG_WARN_DIRECT_OBJC_ISA_USAGE = YES_ERROR;
				CLANG_WARN_DOCUMENTATION_COMMENTS = YES;
				CLANG_WARN_EMPTY_BODY = YES;
				CLANG_WARN_ENUM_CONVERSION = YES;
				CLANG_WARN_INFINITE_RECURSION = YES;
				CLANG_WARN_INT_CONVERSION = YES;
				CLANG_WARN_NON_LITERAL_NULL_CONVERSION = YES;
				CLANG_WARN_OBJC_IMPLICIT_RETAIN_SELF = YES;
				CLANG_WARN_OBJC_LITERAL_CONVERSION = YES;
				CLANG_WARN_OBJC_ROOT_CLASS = YES_ERROR;
				CLANG_WARN_QUOTED_INCLUDE_IN_FRAMEWORK_HEADER = YES;
				CLANG_WARN_RANGE_LOOP_ANALYSIS = YES;
				CLANG_WARN_STRICT_PROTOTYPES = YES;
				CLANG_WARN_SUSPICIOUS_MOVE = YES;
				CLANG_WARN_UNGUARDED_AVAILABILITY = YES_AGGRESSIVE;
				CLANG_WARN_UNREACHABLE_CODE = YES;
				CLANG_WARN__DUPLICATE_METHOD_MATCH = YES;
				COPY_PHASE_STRIP = NO;
				DEBUG_INFORMATION_FORMAT = "dwarf-with-dsym";
				ENABLE_NS_ASSERTIONS = NO;
				ENABLE_STRICT_OBJC_MSGSEND = YES;
				ENABLE_USER_SCRIPT_SANDBOXING = NO;
				GCC_C_LANGUAGE_STANDARD = gnu17;
				GCC_NO_COMMON_BLOCKS = YES;
				GCC_WARN_64_TO_32_BIT_CONVERSION = YES;
				GCC_WARN_ABOUT_RETURN_TYPE = YES_ERROR;
				GCC_WARN_UNDECLARED_SELECTOR = YES;
				GCC_WARN_UNINITIALIZED_AUTOS = YES_AGGRESSIVE;
				GCC_WARN_UNUSED_FUNCTION = YES;
				GCC_WARN_UNUSED_VARIABLE = YES;
				IPHONEOS_DEPLOYMENT_TARGET = 17.5;
				LOCALIZATION_PREFERS_STRING_CATALOGS = YES;
				MTL_ENABLE_DEBUG_INFO = NO;
				MTL_FAST_MATH = YES;
				SDKROOT = iphoneos;
				SWIFT_COMPILATION_MODE = wholemodule;
				VALIDATE_PRODUCT = YES;
			};
			name = Release;
		};
		6D6DCC4E2C2936D400BE983C /* Debug */ = {
			isa = XCBuildConfiguration;
			baseConfigurationReference = 03404CB6D2DE744CCDD146C7 /* Pods-My Students.debug.xcconfig */;
			buildSettings = {
				ASSETCATALOG_COMPILER_APPICON_NAME = AppIcon;
				ASSETCATALOG_COMPILER_GLOBAL_ACCENT_COLOR_NAME = AccentColor;
				CODE_SIGN_STYLE = Automatic;
				CURRENT_PROJECT_VERSION = 1;
				DEVELOPMENT_TEAM = PJ4TAD8N5W;
				GENERATE_INFOPLIST_FILE = YES;
				INFOPLIST_FILE = "My Students/Info.plist";
				INFOPLIST_KEY_UIApplicationSupportsIndirectInputEvents = YES;
				INFOPLIST_KEY_UILaunchStoryboardName = LaunchScreen;
				INFOPLIST_KEY_UISupportedInterfaceOrientations_iPad = "UIInterfaceOrientationPortrait UIInterfaceOrientationPortraitUpsideDown UIInterfaceOrientationLandscapeLeft UIInterfaceOrientationLandscapeRight";
				INFOPLIST_KEY_UISupportedInterfaceOrientations_iPhone = "UIInterfaceOrientationPortrait UIInterfaceOrientationLandscapeLeft UIInterfaceOrientationLandscapeRight";
				LD_RUNPATH_SEARCH_PATHS = (
					"$(inherited)",
					"@executable_path/Frameworks",
				);
				MARKETING_VERSION = 1.0;
				PRODUCT_BUNDLE_IDENTIFIER = "com.markkulik.My-Students";
				PRODUCT_NAME = "$(TARGET_NAME)";
				SWIFT_EMIT_LOC_STRINGS = YES;
				SWIFT_VERSION = 5.0;
				TARGETED_DEVICE_FAMILY = "1,2";
			};
			name = Debug;
		};
		6D6DCC4F2C2936D400BE983C /* Release */ = {
			isa = XCBuildConfiguration;
			baseConfigurationReference = E652B4A416F8E32BFDEBD020 /* Pods-My Students.release.xcconfig */;
			buildSettings = {
				ASSETCATALOG_COMPILER_APPICON_NAME = AppIcon;
				ASSETCATALOG_COMPILER_GLOBAL_ACCENT_COLOR_NAME = AccentColor;
				CODE_SIGN_STYLE = Automatic;
				CURRENT_PROJECT_VERSION = 1;
				DEVELOPMENT_TEAM = PJ4TAD8N5W;
				GENERATE_INFOPLIST_FILE = YES;
				INFOPLIST_FILE = "My Students/Info.plist";
				INFOPLIST_KEY_UIApplicationSupportsIndirectInputEvents = YES;
				INFOPLIST_KEY_UILaunchStoryboardName = LaunchScreen;
				INFOPLIST_KEY_UISupportedInterfaceOrientations_iPad = "UIInterfaceOrientationPortrait UIInterfaceOrientationPortraitUpsideDown UIInterfaceOrientationLandscapeLeft UIInterfaceOrientationLandscapeRight";
				INFOPLIST_KEY_UISupportedInterfaceOrientations_iPhone = "UIInterfaceOrientationPortrait UIInterfaceOrientationLandscapeLeft UIInterfaceOrientationLandscapeRight";
				LD_RUNPATH_SEARCH_PATHS = (
					"$(inherited)",
					"@executable_path/Frameworks",
				);
				MARKETING_VERSION = 1.0;
				PRODUCT_BUNDLE_IDENTIFIER = "com.markkulik.My-Students";
				PRODUCT_NAME = "$(TARGET_NAME)";
				SWIFT_EMIT_LOC_STRINGS = YES;
				SWIFT_VERSION = 5.0;
				TARGETED_DEVICE_FAMILY = "1,2";
			};
			name = Release;
		};
/* End XCBuildConfiguration section */

/* Begin XCConfigurationList section */
		6D6DCC342C2936D100BE983C /* Build configuration list for PBXProject "My Students" */ = {
			isa = XCConfigurationList;
			buildConfigurations = (
				6D6DCC4B2C2936D400BE983C /* Debug */,
				6D6DCC4C2C2936D400BE983C /* Release */,
			);
			defaultConfigurationIsVisible = 0;
			defaultConfigurationName = Release;
		};
		6D6DCC4D2C2936D400BE983C /* Build configuration list for PBXNativeTarget "My Students" */ = {
			isa = XCConfigurationList;
			buildConfigurations = (
				6D6DCC4E2C2936D400BE983C /* Debug */,
				6D6DCC4F2C2936D400BE983C /* Release */,
			);
			defaultConfigurationIsVisible = 0;
			defaultConfigurationName = Release;
		};
/* End XCConfigurationList section */

/* Begin XCRemoteSwiftPackageReference section */
		6D4293012C29437000B44ED1 /* XCRemoteSwiftPackageReference "SnapKit" */ = {
			isa = XCRemoteSwiftPackageReference;
			repositoryURL = "https://github.com/SnapKit/SnapKit";
			requirement = {
				kind = upToNextMajorVersion;
				minimumVersion = 5.7.1;
			};
		};
/* End XCRemoteSwiftPackageReference section */

/* Begin XCSwiftPackageProductDependency section */
		6D4293022C29437000B44ED1 /* SnapKit */ = {
			isa = XCSwiftPackageProductDependency;
			package = 6D4293012C29437000B44ED1 /* XCRemoteSwiftPackageReference "SnapKit" */;
			productName = SnapKit;
		};
/* End XCSwiftPackageProductDependency section */
	};
	rootObject = 6D6DCC312C2936D100BE983C /* Project object */;
}
